// !$*UTF8*$!
{
	archiveVersion = 1;
	classes = {
	};
	objectVersion = 55;
	objects = {

/* Begin PBXBuildFile section */
		7E4F0C4927C0E702003B797F /* Graph.cpp in Sources */ = {isa = PBXBuildFile; fileRef = 7E4F0C4727C0E702003B797F /* Graph.cpp */; };
		7E4F0C4C27C25EAB003B797F /* Edge.cpp in Sources */ = {isa = PBXBuildFile; fileRef = 7E4F0C4A27C25EAB003B797F /* Edge.cpp */; };
		7E71F0F427B9455C005F5E8C /* main.cpp in Sources */ = {isa = PBXBuildFile; fileRef = 7E71F0F327B9455C005F5E8C /* main.cpp */; };
		7E71F13027B95538005F5E8C /* LogFrame.cpp in Sources */ = {isa = PBXBuildFile; fileRef = 7E71F12E27B95538005F5E8C /* LogFrame.cpp */; };
		7E71F13327B9CCE7005F5E8C /* Statistics.cpp in Sources */ = {isa = PBXBuildFile; fileRef = 7E71F13127B9CCE7005F5E8C /* Statistics.cpp */; };
		7E71F13627BA4F9C005F5E8C /* Utils.cpp in Sources */ = {isa = PBXBuildFile; fileRef = 7E71F13427BA4F9C005F5E8C /* Utils.cpp */; };
		7EAB432B27E34CDC008C4A55 /* Classifier.cpp in Sources */ = {isa = PBXBuildFile; fileRef = 7EAB432927E34CDC008C4A55 /* Classifier.cpp */; };
		7ED53F5827CFA48300B7D16D /* Group.cpp in Sources */ = {isa = PBXBuildFile; fileRef = 7ED53F5627CFA48300B7D16D /* Group.cpp */; };
		7ED53F5B27D0A62900B7D16D /* GroupedGraph.cpp in Sources */ = {isa = PBXBuildFile; fileRef = 7ED53F5927D0A62900B7D16D /* GroupedGraph.cpp */; };
/* End PBXBuildFile section */

/* Begin PBXCopyFilesBuildPhase section */
		7E71F0EE27B9455C005F5E8C /* CopyFiles */ = {
			isa = PBXCopyFilesBuildPhase;
			buildActionMask = 2147483647;
			dstPath = /usr/share/man/man1/;
			dstSubfolderSpec = 0;
			files = (
			);
			runOnlyForDeploymentPostprocessing = 1;
		};
/* End PBXCopyFilesBuildPhase section */

/* Begin PBXFileReference section */
		7E4F0C4727C0E702003B797F /* Graph.cpp */ = {isa = PBXFileReference; lastKnownFileType = sourcecode.cpp.cpp; path = Graph.cpp; sourceTree = "<group>"; };
		7E4F0C4827C0E702003B797F /* Graph.hpp */ = {isa = PBXFileReference; lastKnownFileType = sourcecode.cpp.h; path = Graph.hpp; sourceTree = "<group>"; };
		7E4F0C4A27C25EAB003B797F /* Edge.cpp */ = {isa = PBXFileReference; lastKnownFileType = sourcecode.cpp.cpp; path = Edge.cpp; sourceTree = "<group>"; };
		7E4F0C4B27C25EAB003B797F /* Edge.hpp */ = {isa = PBXFileReference; lastKnownFileType = sourcecode.cpp.h; path = Edge.hpp; sourceTree = "<group>"; };
		7E4F0C4D27C2F81D003B797F /* .gitignore */ = {isa = PBXFileReference; fileEncoding = 4; lastKnownFileType = text; path = .gitignore; sourceTree = "<group>"; };
		7E4F0C4E27C2F884003B797F /* libs_dependences.txt */ = {isa = PBXFileReference; fileEncoding = 4; lastKnownFileType = text; path = libs_dependences.txt; sourceTree = "<group>"; };
		7E71F0F027B9455C005F5E8C /* UAV_WiFi_detection */ = {isa = PBXFileReference; explicitFileType = "compiled.mach-o.executable"; includeInIndex = 0; path = UAV_WiFi_detection; sourceTree = BUILT_PRODUCTS_DIR; };
		7E71F0F327B9455C005F5E8C /* main.cpp */ = {isa = PBXFileReference; lastKnownFileType = sourcecode.cpp.cpp; path = main.cpp; sourceTree = "<group>"; };
		7E71F12E27B95538005F5E8C /* LogFrame.cpp */ = {isa = PBXFileReference; lastKnownFileType = sourcecode.cpp.cpp; path = LogFrame.cpp; sourceTree = "<group>"; };
		7E71F12F27B95538005F5E8C /* LogFrame.hpp */ = {isa = PBXFileReference; lastKnownFileType = sourcecode.cpp.h; path = LogFrame.hpp; sourceTree = "<group>"; };
		7E71F13127B9CCE7005F5E8C /* Statistics.cpp */ = {isa = PBXFileReference; lastKnownFileType = sourcecode.cpp.cpp; path = Statistics.cpp; sourceTree = "<group>"; };
		7E71F13227B9CCE7005F5E8C /* Statistics.hpp */ = {isa = PBXFileReference; lastKnownFileType = sourcecode.cpp.h; path = Statistics.hpp; sourceTree = "<group>"; };
		7E71F13427BA4F9C005F5E8C /* Utils.cpp */ = {isa = PBXFileReference; lastKnownFileType = sourcecode.cpp.cpp; path = Utils.cpp; sourceTree = "<group>"; };
		7E71F13527BA4F9C005F5E8C /* Utils.hpp */ = {isa = PBXFileReference; lastKnownFileType = sourcecode.cpp.h; path = Utils.hpp; sourceTree = "<group>"; };
		7E71F13727BA567C005F5E8C /* README.md */ = {isa = PBXFileReference; fileEncoding = 4; lastKnownFileType = net.daringfireball.markdown; path = README.md; sourceTree = "<group>"; };
		7EA9DD3527D7F8E2002F4241 /* report.md */ = {isa = PBXFileReference; lastKnownFileType = net.daringfireball.markdown; path = report.md; sourceTree = "<group>"; };
		7EAB432927E34CDC008C4A55 /* Classifier.cpp */ = {isa = PBXFileReference; lastKnownFileType = sourcecode.cpp.cpp; path = Classifier.cpp; sourceTree = "<group>"; };
		7EAB432A27E34CDC008C4A55 /* Classifier.hpp */ = {isa = PBXFileReference; lastKnownFileType = sourcecode.cpp.h; path = Classifier.hpp; sourceTree = "<group>"; };
		7EAFE3C227E219E200B1F807 /* 1630055580353.jpg */ = {isa = PBXFileReference; lastKnownFileType = image.jpeg; path = 1630055580353.jpg; sourceTree = "<group>"; };
		7EAFE3C327E219E200B1F807 /* 1630055580345.jpg */ = {isa = PBXFileReference; lastKnownFileType = image.jpeg; path = 1630055580345.jpg; sourceTree = "<group>"; };
		7EAFE3C527E219E200B1F807 /* frames.pcap */ = {isa = PBXFileReference; lastKnownFileType = file; path = frames.pcap; sourceTree = "<group>"; };
		7EAFE3C627E219E200B1F807 /* frames.log */ = {isa = PBXFileReference; lastKnownFileType = text; path = frames.log; sourceTree = "<group>"; };
		7EAFE3C827E219E200B1F807 /* frames.pcap */ = {isa = PBXFileReference; lastKnownFileType = file; path = frames.pcap; sourceTree = "<group>"; };
		7EAFE3C927E219E200B1F807 /* frames.log */ = {isa = PBXFileReference; lastKnownFileType = text; path = frames.log; sourceTree = "<group>"; };
		7EAFE3CB27E219E200B1F807 /* 2021-07-21 17-21-59.JPG */ = {isa = PBXFileReference; lastKnownFileType = image.jpeg; path = "2021-07-21 17-21-59.JPG"; sourceTree = "<group>"; };
		7EAFE3CD27E219E200B1F807 /* frames.pcap */ = {isa = PBXFileReference; lastKnownFileType = file; path = frames.pcap; sourceTree = "<group>"; };
		7EAFE3CE27E219E200B1F807 /* frames.log */ = {isa = PBXFileReference; lastKnownFileType = text; path = frames.log; sourceTree = "<group>"; };
		7EAFE3CF27E219E200B1F807 /* 2021-07-20 16-35-28.JPG */ = {isa = PBXFileReference; lastKnownFileType = image.jpeg; path = "2021-07-20 16-35-28.JPG"; sourceTree = "<group>"; };
		7EAFE3D027E219E200B1F807 /* 2021-07-20 16-35-03.JPG */ = {isa = PBXFileReference; lastKnownFileType = image.jpeg; path = "2021-07-20 16-35-03.JPG"; sourceTree = "<group>"; };
		7EAFE3D127E219E200B1F807 /* 2021-07-20 16-35-35.JPG */ = {isa = PBXFileReference; lastKnownFileType = image.jpeg; path = "2021-07-20 16-35-35.JPG"; sourceTree = "<group>"; };
		7EAFE3D227E219E200B1F807 /* 2021-07-21 17-21-50.JPG */ = {isa = PBXFileReference; lastKnownFileType = image.jpeg; path = "2021-07-21 17-21-50.JPG"; sourceTree = "<group>"; };
		7EAFE3D427E219E200B1F807 /* 2021-07-20 15-49-03.JPG */ = {isa = PBXFileReference; lastKnownFileType = image.jpeg; path = "2021-07-20 15-49-03.JPG"; sourceTree = "<group>"; };
		7EAFE3D527E219E200B1F807 /* 2021-07-20 15-49-16.JPG */ = {isa = PBXFileReference; lastKnownFileType = image.jpeg; path = "2021-07-20 15-49-16.JPG"; sourceTree = "<group>"; };
		7EAFE3D727E219E200B1F807 /* frames.pcap */ = {isa = PBXFileReference; lastKnownFileType = file; path = frames.pcap; sourceTree = "<group>"; };
		7EAFE3D827E219E200B1F807 /* frames.log */ = {isa = PBXFileReference; lastKnownFileType = text; path = frames.log; sourceTree = "<group>"; };
		7EAFE3DA27E219E200B1F807 /* frames.pcap */ = {isa = PBXFileReference; lastKnownFileType = file; path = frames.pcap; sourceTree = "<group>"; };
		7EAFE3DB27E219E200B1F807 /* frames.log */ = {isa = PBXFileReference; lastKnownFileType = text; path = frames.log; sourceTree = "<group>"; };
		7EAFE3DC27E219E200B1F807 /* 2021-07-20 15-49-31.JPG */ = {isa = PBXFileReference; lastKnownFileType = image.jpeg; path = "2021-07-20 15-49-31.JPG"; sourceTree = "<group>"; };
		7EAFE3DF27E219E200B1F807 /* frames.pcap */ = {isa = PBXFileReference; lastKnownFileType = file; path = frames.pcap; sourceTree = "<group>"; };
		7EAFE3E027E219E200B1F807 /* frames.log */ = {isa = PBXFileReference; lastKnownFileType = text; path = frames.log; sourceTree = "<group>"; };
		7EAFE3E227E219E200B1F807 /* frames.pcap */ = {isa = PBXFileReference; lastKnownFileType = file; path = frames.pcap; sourceTree = "<group>"; };
		7EAFE3E327E219E200B1F807 /* frames.log */ = {isa = PBXFileReference; lastKnownFileType = text; path = frames.log; sourceTree = "<group>"; };
		7EAFE3E527E219E200B1F807 /* frames.pcap */ = {isa = PBXFileReference; lastKnownFileType = file; path = frames.pcap; sourceTree = "<group>"; };
		7EAFE3E627E219E200B1F807 /* frames.log */ = {isa = PBXFileReference; lastKnownFileType = text; path = frames.log; sourceTree = "<group>"; };
		7EAFE3E927E219E200B1F807 /* frames.pcap */ = {isa = PBXFileReference; lastKnownFileType = file; path = frames.pcap; sourceTree = "<group>"; };
		7EAFE3EA27E219E200B1F807 /* frames.log */ = {isa = PBXFileReference; lastKnownFileType = text; path = frames.log; sourceTree = "<group>"; };
		7EAFE3EC27E219E200B1F807 /* frames.pcap */ = {isa = PBXFileReference; lastKnownFileType = file; path = frames.pcap; sourceTree = "<group>"; };
		7EAFE3ED27E219E200B1F807 /* frames.log */ = {isa = PBXFileReference; lastKnownFileType = text; path = frames.log; sourceTree = "<group>"; };
		7EAFE3EF27E219E200B1F807 /* Vega_2021-03-30_15-13-49-781_1_5785000000_10000000_11764706.log */ = {isa = PBXFileReference; lastKnownFileType = text; path = "Vega_2021-03-30_15-13-49-781_1_5785000000_10000000_11764706.log"; sourceTree = "<group>"; };
		7EAFE3F027E219E200B1F807 /* Vega_2021-03-30_15-13-49-781_1_5785000000_10000000_11764706.pcap */ = {isa = PBXFileReference; lastKnownFileType = file; path = "Vega_2021-03-30_15-13-49-781_1_5785000000_10000000_11764706.pcap"; sourceTree = "<group>"; };
		7ED53F5627CFA48300B7D16D /* Group.cpp */ = {isa = PBXFileReference; lastKnownFileType = sourcecode.cpp.cpp; path = Group.cpp; sourceTree = "<group>"; };
		7ED53F5727CFA48300B7D16D /* Group.hpp */ = {isa = PBXFileReference; lastKnownFileType = sourcecode.cpp.h; path = Group.hpp; sourceTree = "<group>"; };
		7ED53F5927D0A62900B7D16D /* GroupedGraph.cpp */ = {isa = PBXFileReference; lastKnownFileType = sourcecode.cpp.cpp; path = GroupedGraph.cpp; sourceTree = "<group>"; };
		7ED53F5A27D0A62900B7D16D /* GroupedGraph.hpp */ = {isa = PBXFileReference; lastKnownFileType = sourcecode.cpp.h; path = GroupedGraph.hpp; sourceTree = "<group>"; };
		7EFF7BF627BE767A009CAA0D /* task.md */ = {isa = PBXFileReference; lastKnownFileType = net.daringfireball.markdown; path = task.md; sourceTree = "<group>"; };
/* End PBXFileReference section */

/* Begin PBXFrameworksBuildPhase section */
		7E71F0ED27B9455C005F5E8C /* Frameworks */ = {
			isa = PBXFrameworksBuildPhase;
			buildActionMask = 2147483647;
			files = (
			);
			runOnlyForDeploymentPostprocessing = 0;
		};
/* End PBXFrameworksBuildPhase section */

/* Begin PBXGroup section */
		7E71F0E727B9455C005F5E8C = {
			isa = PBXGroup;
			children = (
				7EAFE3BF27E219E200B1F807 /* data */,
				7EA9DD3527D7F8E2002F4241 /* report.md */,
				7E4F0C4E27C2F884003B797F /* libs_dependences.txt */,
				7E4F0C4D27C2F81D003B797F /* .gitignore */,
				7EFF7BF627BE767A009CAA0D /* task.md */,
				7E71F13727BA567C005F5E8C /* README.md */,
				7E71F0F227B9455C005F5E8C /* src */,
				7E71F0F127B9455C005F5E8C /* Products */,
			);
			sourceTree = "<group>";
		};
		7E71F0F127B9455C005F5E8C /* Products */ = {
			isa = PBXGroup;
			children = (
				7E71F0F027B9455C005F5E8C /* UAV_WiFi_detection */,
			);
			name = Products;
			sourceTree = "<group>";
		};
		7E71F0F227B9455C005F5E8C /* src */ = {
			isa = PBXGroup;
			children = (
				7E71F0F327B9455C005F5E8C /* main.cpp */,
				7E71F12E27B95538005F5E8C /* LogFrame.cpp */,
				7E71F12F27B95538005F5E8C /* LogFrame.hpp */,
				7E71F13127B9CCE7005F5E8C /* Statistics.cpp */,
				7E71F13227B9CCE7005F5E8C /* Statistics.hpp */,
				7E71F13427BA4F9C005F5E8C /* Utils.cpp */,
				7E71F13527BA4F9C005F5E8C /* Utils.hpp */,
				7E4F0C4727C0E702003B797F /* Graph.cpp */,
				7E4F0C4827C0E702003B797F /* Graph.hpp */,
				7E4F0C4A27C25EAB003B797F /* Edge.cpp */,
				7E4F0C4B27C25EAB003B797F /* Edge.hpp */,
				7ED53F5627CFA48300B7D16D /* Group.cpp */,
				7ED53F5727CFA48300B7D16D /* Group.hpp */,
				7ED53F5927D0A62900B7D16D /* GroupedGraph.cpp */,
				7ED53F5A27D0A62900B7D16D /* GroupedGraph.hpp */,
				7EAB432927E34CDC008C4A55 /* Classifier.cpp */,
				7EAB432A27E34CDC008C4A55 /* Classifier.hpp */,
			);
			path = src;
			sourceTree = "<group>";
		};
		7EAFE3BF27E219E200B1F807 /* data */ = {
			isa = PBXGroup;
			children = (
				7EAFE3C027E219E200B1F807 /* drones */,
			);
			path = data;
			sourceTree = "<group>";
		};
		7EAFE3C027E219E200B1F807 /* drones */ = {
			isa = PBXGroup;
			children = (
				7EAFE3C127E219E200B1F807 /* skydio2 */,
				7EAFE3CA27E219E200B1F807 /* nelk_b6 */,
				7EAFE3D327E219E200B1F807 /* 3dr_solo */,
				7EAFE3DD27E219E200B1F807 /* fimi_x8_me_2020 */,
				7EAFE3E727E219E200B1F807 /* parrot_bebop2 */,
				7EAFE3EE27E219E200B1F807 /* hubsan_zino_2 */,
			);
			path = drones;
			sourceTree = "<group>";
		};
		7EAFE3C127E219E200B1F807 /* skydio2 */ = {
			isa = PBXGroup;
			children = (
				7EAFE3C227E219E200B1F807 /* 1630055580353.jpg */,
				7EAFE3C327E219E200B1F807 /* 1630055580345.jpg */,
				7EAFE3C427E219E200B1F807 /* 4_Взлет_и_посадка_в_офисе */,
				7EAFE3C727E219E200B1F807 /* 3_Подключение_App,_калибровка,_попытка_полета-Unsafe_space */,
			);
			path = skydio2;
			sourceTree = "<group>";
		};
		7EAFE3C427E219E200B1F807 /* 4_Взлет_и_посадка_в_офисе */ = {
			isa = PBXGroup;
			children = (
				7EAFE3C527E219E200B1F807 /* frames.pcap */,
				7EAFE3C627E219E200B1F807 /* frames.log */,
			);
			path = "4_Взлет_и_посадка_в_офисе";
			sourceTree = "<group>";
		};
		7EAFE3C727E219E200B1F807 /* 3_Подключение_App,_калибровка,_попытка_полета-Unsafe_space */ = {
			isa = PBXGroup;
			children = (
				7EAFE3C827E219E200B1F807 /* frames.pcap */,
				7EAFE3C927E219E200B1F807 /* frames.log */,
			);
			path = "3_Подключение_App,_калибровка,_попытка_полета-Unsafe_space";
			sourceTree = "<group>";
		};
		7EAFE3CA27E219E200B1F807 /* nelk_b6 */ = {
			isa = PBXGroup;
			children = (
				7EAFE3CB27E219E200B1F807 /* 2021-07-21 17-21-59.JPG */,
				7EAFE3CC27E219E200B1F807 /* NELK_B6_Downlink_5220.213483MHz_46625.000000KHz.pcm.log */,
				7EAFE3CF27E219E200B1F807 /* 2021-07-20 16-35-28.JPG */,
				7EAFE3D027E219E200B1F807 /* 2021-07-20 16-35-03.JPG */,
				7EAFE3D127E219E200B1F807 /* 2021-07-20 16-35-35.JPG */,
				7EAFE3D227E219E200B1F807 /* 2021-07-21 17-21-50.JPG */,
			);
			path = nelk_b6;
			sourceTree = "<group>";
		};
		7EAFE3CC27E219E200B1F807 /* NELK_B6_Downlink_5220.213483MHz_46625.000000KHz.pcm.log */ = {
			isa = PBXGroup;
			children = (
				7EAFE3CD27E219E200B1F807 /* frames.pcap */,
				7EAFE3CE27E219E200B1F807 /* frames.log */,
			);
			path = NELK_B6_Downlink_5220.213483MHz_46625.000000KHz.pcm.log;
			sourceTree = "<group>";
		};
		7EAFE3D327E219E200B1F807 /* 3dr_solo */ = {
			isa = PBXGroup;
			children = (
				7EAFE3D427E219E200B1F807 /* 2021-07-20 15-49-03.JPG */,
				7EAFE3D527E219E200B1F807 /* 2021-07-20 15-49-16.JPG */,
				7EAFE3D627E219E200B1F807 /* wifi-ofdm-20 */,
				7EAFE3D927E219E200B1F807 /* dsss */,
				7EAFE3DC27E219E200B1F807 /* 2021-07-20 15-49-31.JPG */,
			);
			path = 3dr_solo;
			sourceTree = "<group>";
		};
		7EAFE3D627E219E200B1F807 /* wifi-ofdm-20 */ = {
			isa = PBXGroup;
			children = (
				7EAFE3D727E219E200B1F807 /* frames.pcap */,
				7EAFE3D827E219E200B1F807 /* frames.log */,
			);
			path = "wifi-ofdm-20";
			sourceTree = "<group>";
		};
		7EAFE3D927E219E200B1F807 /* dsss */ = {
			isa = PBXGroup;
			children = (
				7EAFE3DA27E219E200B1F807 /* frames.pcap */,
				7EAFE3DB27E219E200B1F807 /* frames.log */,
			);
			path = dsss;
			sourceTree = "<group>";
		};
		7EAFE3DD27E219E200B1F807 /* fimi_x8_me_2020 */ = {
			isa = PBXGroup;
			children = (
				7EAFE3DE27E219E200B1F807 /* 2wifi_fc_5825000000_fs_12000000.pcm.result */,
				7EAFE3E127E219E200B1F807 /* 1wifi_fc_5825000000_fs_12000000.pcm.result */,
				7EAFE3E427E219E200B1F807 /* wifi_fc_5825000000_fs_12000000.pcm.result */,
			);
			path = fimi_x8_me_2020;
			sourceTree = "<group>";
		};
		7EAFE3DE27E219E200B1F807 /* 2wifi_fc_5825000000_fs_12000000.pcm.result */ = {
			isa = PBXGroup;
			children = (
				7EAFE3DF27E219E200B1F807 /* frames.pcap */,
				7EAFE3E027E219E200B1F807 /* frames.log */,
			);
			path = 2wifi_fc_5825000000_fs_12000000.pcm.result;
			sourceTree = "<group>";
		};
		7EAFE3E127E219E200B1F807 /* 1wifi_fc_5825000000_fs_12000000.pcm.result */ = {
			isa = PBXGroup;
			children = (
				7EAFE3E227E219E200B1F807 /* frames.pcap */,
				7EAFE3E327E219E200B1F807 /* frames.log */,
			);
			path = 1wifi_fc_5825000000_fs_12000000.pcm.result;
			sourceTree = "<group>";
		};
		7EAFE3E427E219E200B1F807 /* wifi_fc_5825000000_fs_12000000.pcm.result */ = {
			isa = PBXGroup;
			children = (
				7EAFE3E527E219E200B1F807 /* frames.pcap */,
				7EAFE3E627E219E200B1F807 /* frames.log */,
			);
			path = wifi_fc_5825000000_fs_12000000.pcm.result;
			sourceTree = "<group>";
		};
		7EAFE3E727E219E200B1F807 /* parrot_bebop2 */ = {
			isa = PBXGroup;
			children = (
				7EAFE3E827E219E200B1F807 /* on_the_ground_gps-ofdm-20 */,
				7EAFE3EB27E219E200B1F807 /* on_the_ground_gps-dsss */,
			);
			path = parrot_bebop2;
			sourceTree = "<group>";
		};
		7EAFE3E827E219E200B1F807 /* on_the_ground_gps-ofdm-20 */ = {
			isa = PBXGroup;
			children = (
				7EAFE3E927E219E200B1F807 /* frames.pcap */,
				7EAFE3EA27E219E200B1F807 /* frames.log */,
			);
			path = "on_the_ground_gps-ofdm-20";
			sourceTree = "<group>";
		};
		7EAFE3EB27E219E200B1F807 /* on_the_ground_gps-dsss */ = {
			isa = PBXGroup;
			children = (
				7EAFE3EC27E219E200B1F807 /* frames.pcap */,
				7EAFE3ED27E219E200B1F807 /* frames.log */,
			);
			path = "on_the_ground_gps-dsss";
			sourceTree = "<group>";
		};
		7EAFE3EE27E219E200B1F807 /* hubsan_zino_2 */ = {
			isa = PBXGroup;
			children = (
				7EAFE3EF27E219E200B1F807 /* Vega_2021-03-30_15-13-49-781_1_5785000000_10000000_11764706.log */,
				7EAFE3F027E219E200B1F807 /* Vega_2021-03-30_15-13-49-781_1_5785000000_10000000_11764706.pcap */,
			);
			path = hubsan_zino_2;
			sourceTree = "<group>";
		};
/* End PBXGroup section */

/* Begin PBXNativeTarget section */
		7E71F0EF27B9455C005F5E8C /* UAV_WiFi_detection */ = {
			isa = PBXNativeTarget;
			buildConfigurationList = 7E71F0F727B9455C005F5E8C /* Build configuration list for PBXNativeTarget "UAV_WiFi_detection" */;
			buildPhases = (
				7E71F0EC27B9455C005F5E8C /* Sources */,
				7E71F0ED27B9455C005F5E8C /* Frameworks */,
				7E71F0EE27B9455C005F5E8C /* CopyFiles */,
			);
			buildRules = (
			);
			dependencies = (
			);
			name = UAV_WiFi_detection;
			productName = UAV_WiFi_detection;
			productReference = 7E71F0F027B9455C005F5E8C /* UAV_WiFi_detection */;
			productType = "com.apple.product-type.tool";
		};
/* End PBXNativeTarget section */

/* Begin PBXProject section */
		7E71F0E827B9455C005F5E8C /* Project object */ = {
			isa = PBXProject;
			attributes = {
				BuildIndependentTargetsInParallel = 1;
				LastUpgradeCheck = 1330;
				TargetAttributes = {
					7E71F0EF27B9455C005F5E8C = {
						CreatedOnToolsVersion = 13.2.1;
					};
				};
			};
			buildConfigurationList = 7E71F0EB27B9455C005F5E8C /* Build configuration list for PBXProject "UAV_WiFi_detection" */;
			compatibilityVersion = "Xcode 13.0";
			developmentRegion = en;
			hasScannedForEncodings = 0;
			knownRegions = (
				en,
				Base,
			);
			mainGroup = 7E71F0E727B9455C005F5E8C;
			productRefGroup = 7E71F0F127B9455C005F5E8C /* Products */;
			projectDirPath = "";
			projectRoot = "";
			targets = (
				7E71F0EF27B9455C005F5E8C /* UAV_WiFi_detection */,
			);
		};
/* End PBXProject section */

/* Begin PBXSourcesBuildPhase section */
		7E71F0EC27B9455C005F5E8C /* Sources */ = {
			isa = PBXSourcesBuildPhase;
			buildActionMask = 2147483647;
			files = (
				7E4F0C4C27C25EAB003B797F /* Edge.cpp in Sources */,
				7ED53F5B27D0A62900B7D16D /* GroupedGraph.cpp in Sources */,
				7EAB432B27E34CDC008C4A55 /* Classifier.cpp in Sources */,
				7E71F13327B9CCE7005F5E8C /* Statistics.cpp in Sources */,
				7E71F13027B95538005F5E8C /* LogFrame.cpp in Sources */,
				7E71F0F427B9455C005F5E8C /* main.cpp in Sources */,
				7ED53F5827CFA48300B7D16D /* Group.cpp in Sources */,
				7E71F13627BA4F9C005F5E8C /* Utils.cpp in Sources */,
				7E4F0C4927C0E702003B797F /* Graph.cpp in Sources */,
			);
			runOnlyForDeploymentPostprocessing = 0;
		};
/* End PBXSourcesBuildPhase section */

/* Begin XCBuildConfiguration section */
		7E71F0F527B9455C005F5E8C /* Debug */ = {
			isa = XCBuildConfiguration;
			buildSettings = {
				ALWAYS_SEARCH_USER_PATHS = NO;
				CLANG_ANALYZER_NONNULL = YES;
				CLANG_ANALYZER_NUMBER_OBJECT_CONVERSION = YES_AGGRESSIVE;
				CLANG_CXX_LANGUAGE_STANDARD = "gnu++17";
				CLANG_CXX_LIBRARY = "libc++";
				CLANG_ENABLE_MODULES = YES;
				CLANG_ENABLE_OBJC_ARC = YES;
				CLANG_ENABLE_OBJC_WEAK = YES;
				CLANG_WARN_BLOCK_CAPTURE_AUTORELEASING = YES;
				CLANG_WARN_BOOL_CONVERSION = YES;
				CLANG_WARN_COMMA = YES;
				CLANG_WARN_CONSTANT_CONVERSION = YES;
				CLANG_WARN_DEPRECATED_OBJC_IMPLEMENTATIONS = YES;
				CLANG_WARN_DIRECT_OBJC_ISA_USAGE = YES_ERROR;
				CLANG_WARN_DOCUMENTATION_COMMENTS = YES;
				CLANG_WARN_EMPTY_BODY = YES;
				CLANG_WARN_ENUM_CONVERSION = YES;
				CLANG_WARN_INFINITE_RECURSION = YES;
				CLANG_WARN_INT_CONVERSION = YES;
				CLANG_WARN_NON_LITERAL_NULL_CONVERSION = YES;
				CLANG_WARN_OBJC_IMPLICIT_RETAIN_SELF = YES;
				CLANG_WARN_OBJC_LITERAL_CONVERSION = YES;
				CLANG_WARN_OBJC_ROOT_CLASS = YES_ERROR;
				CLANG_WARN_QUOTED_INCLUDE_IN_FRAMEWORK_HEADER = YES;
				CLANG_WARN_RANGE_LOOP_ANALYSIS = YES;
				CLANG_WARN_STRICT_PROTOTYPES = YES;
				CLANG_WARN_SUSPICIOUS_MOVE = YES;
				CLANG_WARN_UNGUARDED_AVAILABILITY = YES_AGGRESSIVE;
				CLANG_WARN_UNREACHABLE_CODE = YES;
				CLANG_WARN__DUPLICATE_METHOD_MATCH = YES;
				COPY_PHASE_STRIP = NO;
				DEBUG_INFORMATION_FORMAT = dwarf;
				ENABLE_STRICT_OBJC_MSGSEND = YES;
				ENABLE_TESTABILITY = YES;
				GCC_C_LANGUAGE_STANDARD = gnu11;
				GCC_DYNAMIC_NO_PIC = NO;
				GCC_NO_COMMON_BLOCKS = YES;
				GCC_OPTIMIZATION_LEVEL = 0;
				GCC_PREPROCESSOR_DEFINITIONS = (
					"DEBUG=1",
					"$(inherited)",
				);
				GCC_WARN_64_TO_32_BIT_CONVERSION = YES;
				GCC_WARN_ABOUT_RETURN_TYPE = YES_ERROR;
				GCC_WARN_UNDECLARED_SELECTOR = YES;
				GCC_WARN_UNINITIALIZED_AUTOS = YES_AGGRESSIVE;
				GCC_WARN_UNUSED_FUNCTION = YES;
				GCC_WARN_UNUSED_VARIABLE = YES;
				MACOSX_DEPLOYMENT_TARGET = 12.1;
				MTL_ENABLE_DEBUG_INFO = INCLUDE_SOURCE;
				MTL_FAST_MATH = YES;
				ONLY_ACTIVE_ARCH = YES;
				SDKROOT = macosx;
			};
			name = Debug;
		};
		7E71F0F627B9455C005F5E8C /* Release */ = {
			isa = XCBuildConfiguration;
			buildSettings = {
				ALWAYS_SEARCH_USER_PATHS = NO;
				CLANG_ANALYZER_NONNULL = YES;
				CLANG_ANALYZER_NUMBER_OBJECT_CONVERSION = YES_AGGRESSIVE;
				CLANG_CXX_LANGUAGE_STANDARD = "gnu++17";
				CLANG_CXX_LIBRARY = "libc++";
				CLANG_ENABLE_MODULES = YES;
				CLANG_ENABLE_OBJC_ARC = YES;
				CLANG_ENABLE_OBJC_WEAK = YES;
				CLANG_WARN_BLOCK_CAPTURE_AUTORELEASING = YES;
				CLANG_WARN_BOOL_CONVERSION = YES;
				CLANG_WARN_COMMA = YES;
				CLANG_WARN_CONSTANT_CONVERSION = YES;
				CLANG_WARN_DEPRECATED_OBJC_IMPLEMENTATIONS = YES;
				CLANG_WARN_DIRECT_OBJC_ISA_USAGE = YES_ERROR;
				CLANG_WARN_DOCUMENTATION_COMMENTS = YES;
				CLANG_WARN_EMPTY_BODY = YES;
				CLANG_WARN_ENUM_CONVERSION = YES;
				CLANG_WARN_INFINITE_RECURSION = YES;
				CLANG_WARN_INT_CONVERSION = YES;
				CLANG_WARN_NON_LITERAL_NULL_CONVERSION = YES;
				CLANG_WARN_OBJC_IMPLICIT_RETAIN_SELF = YES;
				CLANG_WARN_OBJC_LITERAL_CONVERSION = YES;
				CLANG_WARN_OBJC_ROOT_CLASS = YES_ERROR;
				CLANG_WARN_QUOTED_INCLUDE_IN_FRAMEWORK_HEADER = YES;
				CLANG_WARN_RANGE_LOOP_ANALYSIS = YES;
				CLANG_WARN_STRICT_PROTOTYPES = YES;
				CLANG_WARN_SUSPICIOUS_MOVE = YES;
				CLANG_WARN_UNGUARDED_AVAILABILITY = YES_AGGRESSIVE;
				CLANG_WARN_UNREACHABLE_CODE = YES;
				CLANG_WARN__DUPLICATE_METHOD_MATCH = YES;
				COPY_PHASE_STRIP = NO;
				DEBUG_INFORMATION_FORMAT = "dwarf-with-dsym";
				ENABLE_NS_ASSERTIONS = NO;
				ENABLE_STRICT_OBJC_MSGSEND = YES;
				GCC_C_LANGUAGE_STANDARD = gnu11;
				GCC_NO_COMMON_BLOCKS = YES;
				GCC_WARN_64_TO_32_BIT_CONVERSION = YES;
				GCC_WARN_ABOUT_RETURN_TYPE = YES_ERROR;
				GCC_WARN_UNDECLARED_SELECTOR = YES;
				GCC_WARN_UNINITIALIZED_AUTOS = YES_AGGRESSIVE;
				GCC_WARN_UNUSED_FUNCTION = YES;
				GCC_WARN_UNUSED_VARIABLE = YES;
				MACOSX_DEPLOYMENT_TARGET = 12.1;
				MTL_ENABLE_DEBUG_INFO = NO;
				MTL_FAST_MATH = YES;
				SDKROOT = macosx;
			};
			name = Release;
		};
		7E71F0F827B9455C005F5E8C /* Debug */ = {
			isa = XCBuildConfiguration;
			buildSettings = {
				CODE_SIGN_IDENTITY = "-";
				CODE_SIGN_STYLE = Automatic;
				DEVELOPMENT_TEAM = V5848D22XF;
				ENABLE_HARDENED_RUNTIME = YES;
				LIBRARY_SEARCH_PATHS = "$(inherited)";
				PRODUCT_NAME = "$(TARGET_NAME)";
			};
			name = Debug;
		};
		7E71F0F927B9455C005F5E8C /* Release */ = {
			isa = XCBuildConfiguration;
			buildSettings = {
				CODE_SIGN_IDENTITY = "-";
				CODE_SIGN_STYLE = Automatic;
				DEVELOPMENT_TEAM = V5848D22XF;
				ENABLE_HARDENED_RUNTIME = YES;
				LIBRARY_SEARCH_PATHS = "$(inherited)";
				PRODUCT_NAME = "$(TARGET_NAME)";
			};
			name = Release;
		};
/* End XCBuildConfiguration section */

/* Begin XCConfigurationList section */
		7E71F0EB27B9455C005F5E8C /* Build configuration list for PBXProject "UAV_WiFi_detection" */ = {
			isa = XCConfigurationList;
			buildConfigurations = (
				7E71F0F527B9455C005F5E8C /* Debug */,
				7E71F0F627B9455C005F5E8C /* Release */,
			);
			defaultConfigurationIsVisible = 0;
			defaultConfigurationName = Release;
		};
		7E71F0F727B9455C005F5E8C /* Build configuration list for PBXNativeTarget "UAV_WiFi_detection" */ = {
			isa = XCConfigurationList;
			buildConfigurations = (
				7E71F0F827B9455C005F5E8C /* Debug */,
				7E71F0F927B9455C005F5E8C /* Release */,
			);
			defaultConfigurationIsVisible = 0;
			defaultConfigurationName = Release;
		};
/* End XCConfigurationList section */
	};
	rootObject = 7E71F0E827B9455C005F5E8C /* Project object */;
}
